
Microsoft Visual Studio Solution File, Format Version 12.00
# Visual Studio Version 16
VisualStudioVersion = 16.0.30114.105
MinimumVisualStudioVersion = 10.0.40219.1
Project("{FAE04EC0-301F-11D3-BF4B-00C04F79EFBC}") = "Web", "Web\Web.csproj", "{58489A4F-9B31-441D-97CC-35DCD554F58F}"
EndProject
Project("{FAE04EC0-301F-11D3-BF4B-00C04F79EFBC}") = "Core", "Core\Core.csproj", "{335DC425-2EDB-4814-B740-42EBC915AD4E}"
EndProject
Project("{FAE04EC0-301F-11D3-BF4B-00C04F79EFBC}") = "Infrastructure", "Infrastructure\Infrastructure.csproj", "{9491F301-D73D-4319-B29F-170B48E420F5}"
EndProject
Global
	GlobalSection(SolutionConfigurationPlatforms) = preSolution
		Debug|Any CPU = Debug|Any CPU
		Release|Any CPU = Release|Any CPU
	EndGlobalSection
	GlobalSection(ProjectConfigurationPlatforms) = postSolution
		{58489A4F-9B31-441D-97CC-35DCD554F58F}.Debug|Any CPU.ActiveCfg = Debug|Any CPU
		{58489A4F-9B31-441D-97CC-35DCD554F58F}.Debug|Any CPU.Build.0 = Debug|Any CPU
		{58489A4F-9B31-441D-97CC-35DCD554F58F}.Release|Any CPU.ActiveCfg = Release|Any CPU
		{58489A4F-9B31-441D-97CC-35DCD554F58F}.Release|Any CPU.Build.0 = Release|Any CPU
		{335DC425-2EDB-4814-B740-42EBC915AD4E}.Debug|Any CPU.ActiveCfg = Debug|Any CPU
		{335DC425-2EDB-4814-B740-42EBC915AD4E}.Debug|Any CPU.Build.0 = Debug|Any CPU
		{335DC425-2EDB-4814-B740-42EBC915AD4E}.Release|Any CPU.ActiveCfg = Release|Any CPU
		{335DC425-2EDB-4814-B740-42EBC915AD4E}.Release|Any CPU.Build.0 = Release|Any CPU
		{9491F301-D73D-4319-B29F-170B48E420F5}.Debug|Any CPU.ActiveCfg = Debug|Any CPU
		{9491F301-D73D-4319-B29F-170B48E420F5}.Debug|Any CPU.Build.0 = Debug|Any CPU
		{9491F301-D73D-4319-B29F-170B48E420F5}.Release|Any CPU.ActiveCfg = Release|Any CPU
		{9491F301-D73D-4319-B29F-170B48E420F5}.Release|Any CPU.Build.0 = Release|Any CPU
	EndGlobalSection
	GlobalSection(SolutionProperties) = preSolution
		HideSolutionNode = FALSE
	EndGlobalSection
	GlobalSection(ExtensibilityGlobals) = postSolution
		SolutionGuid = {B8CD482A-FEFA-4F80-8CC9-025B4FD014E2}
	EndGlobalSection
EndGlobal
